
Microsoft Visual Studio Solution File, Format Version 12.00
# Visual Studio 2012
Project("{FAE04EC0-301F-11D3-BF4B-00C04F79EFBC}") = "ScriptManager", "ScriptManager.csproj", "{077B6401-BCF1-4B09-906E-4F4EAE38EDAE}"
EndProject
Global
	GlobalSection(SolutionConfigurationPlatforms) = preSolution
		Debug|Any CPU = Debug|Any CPU
		Release|Any CPU = Release|Any CPU
	EndGlobalSection
	GlobalSection(ProjectConfigurationPlatforms) = postSolution
		{077B6401-BCF1-4B09-906E-4F4EAE38EDAE}.Debug|Any CPU.ActiveCfg = Debug|Any CPU
		{077B6401-BCF1-4B09-906E-4F4EAE38EDAE}.Debug|Any CPU.Build.0 = Debug|Any CPU
		{077B6401-BCF1-4B09-906E-4F4EAE38EDAE}.Release|Any CPU.ActiveCfg = Release|Any CPU
		{077B6401-BCF1-4B09-906E-4F4EAE38EDAE}.Release|Any CPU.Build.0 = Release|Any CPU
	EndGlobalSection
	GlobalSection(SolutionProperties) = preSolution
		HideSolutionNode = FALSE
	EndGlobalSection
EndGlobal
