
Microsoft Visual Studio Solution File, Format Version 12.00
# Visual Studio 15
VisualStudioVersion = 15.0.28307.645
MinimumVisualStudioVersion = 10.0.40219.1
Project("{FAE04EC0-301F-11D3-BF4B-00C04F79EFBC}") = "ScriptRunner", "ScriptRunner.csproj", "{077B6401-BCF1-4B09-906E-4F4EAE38EDAE}"
EndProject
Global
	GlobalSection(SolutionConfigurationPlatforms) = preSolution
		Debug|Any CPU = Debug|Any CPU
		Debug|x64 = Debug|x64
		Release|Any CPU = Release|Any CPU
		Release|x64 = Release|x64
	EndGlobalSection
	GlobalSection(ProjectConfigurationPlatforms) = postSolution
		{077B6401-BCF1-4B09-906E-4F4EAE38EDAE}.Debug|Any CPU.ActiveCfg = Debug|Any CPU
		{077B6401-BCF1-4B09-906E-4F4EAE38EDAE}.Debug|Any CPU.Build.0 = Debug|Any CPU
		{077B6401-BCF1-4B09-906E-4F4EAE38EDAE}.Debug|x64.ActiveCfg = Debug|x64
		{077B6401-BCF1-4B09-906E-4F4EAE38EDAE}.Debug|x64.Build.0 = Debug|x64
		{077B6401-BCF1-4B09-906E-4F4EAE38EDAE}.Release|Any CPU.ActiveCfg = Release|Any CPU
		{077B6401-BCF1-4B09-906E-4F4EAE38EDAE}.Release|Any CPU.Build.0 = Release|Any CPU
		{077B6401-BCF1-4B09-906E-4F4EAE38EDAE}.Release|x64.ActiveCfg = Release|x64
		{077B6401-BCF1-4B09-906E-4F4EAE38EDAE}.Release|x64.Build.0 = Release|x64
	EndGlobalSection
	GlobalSection(SolutionProperties) = preSolution
		HideSolutionNode = FALSE
	EndGlobalSection
	GlobalSection(ExtensibilityGlobals) = postSolution
		SolutionGuid = {863D1286-5F2A-4971-AAAB-1BEDD252D35F}
	EndGlobalSection
EndGlobal
